Microsoft Visual Studio Solution File, Format Version 12.00
# Visual Studio Version 17
VisualStudioVersion = 17.13.35723.152
MinimumVisualStudioVersion = 10.0.40219.1
Project("{9A19103F-16F7-4668-BE54-9A1E7A4F7556}") = "SharpWinver", "SharpWinver\SharpWinver.csproj", "{260829DF-C6EB-4084-A056-C7CD342A69E9}"
EndProject
Project("{FAE04EC0-301F-11D3-BF4B-00C04F79EFBC}") = "SharpWinNTInterop", "SharpWinNTInterop\SharpWinNTInterop.csproj", "{B62099BC-E079-4759-9DD0-0EF293045065}"
EndProject
Project("{FAE04EC0-301F-11D3-BF4B-00C04F79EFBC}") = "SharpWinverNativeAOTest", "Samples\SharpWinverNativeAOTest\SharpWinverNativeAOTest.csproj", "{88C04245-0BAB-40CD-8E02-2DA3D608B790}"
EndProject
Project("{FAE04EC0-301F-11D3-BF4B-00C04F79EFBC}") = "SharpWinverUWP", "Samples\SharpWinverUWP\SharpWinverUWP.csproj", "{BE836BE7-6C65-42E8-BB5E-80AF0B3E0808}"
EndProject
Global
	GlobalSection(SolutionConfigurationPlatforms) = preSolution
		Debug|Any CPU = Debug|Any CPU
		Debug|ARM = Debug|ARM
		Debug|ARM64 = Debug|ARM64
		Debug|x64 = Debug|x64
		Debug|x86 = Debug|x86
		Release|Any CPU = Release|Any CPU
		Release|ARM = Release|ARM
		Release|ARM64 = Release|ARM64
		Release|x64 = Release|x64
		Release|x86 = Release|x86
	EndGlobalSection
	GlobalSection(ProjectConfigurationPlatforms) = postSolution
		{260829DF-C6EB-4084-A056-C7CD342A69E9}.Debug|Any CPU.ActiveCfg = Debug|Any CPU
		{260829DF-C6EB-4084-A056-C7CD342A69E9}.Debug|Any CPU.Build.0 = Debug|Any CPU
		{260829DF-C6EB-4084-A056-C7CD342A69E9}.Debug|ARM.ActiveCfg = Debug|Any CPU
		{260829DF-C6EB-4084-A056-C7CD342A69E9}.Debug|ARM.Build.0 = Debug|Any CPU
		{260829DF-C6EB-4084-A056-C7CD342A69E9}.Debug|ARM64.ActiveCfg = Debug|Any CPU
		{260829DF-C6EB-4084-A056-C7CD342A69E9}.Debug|ARM64.Build.0 = Debug|Any CPU
		{260829DF-C6EB-4084-A056-C7CD342A69E9}.Debug|x64.ActiveCfg = Debug|Any CPU
		{260829DF-C6EB-4084-A056-C7CD342A69E9}.Debug|x64.Build.0 = Debug|Any CPU
		{260829DF-C6EB-4084-A056-C7CD342A69E9}.Debug|x86.ActiveCfg = Debug|Any CPU
		{260829DF-C6EB-4084-A056-C7CD342A69E9}.Debug|x86.Build.0 = Debug|Any CPU
		{260829DF-C6EB-4084-A056-C7CD342A69E9}.Release|Any CPU.ActiveCfg = Release|Any CPU
		{260829DF-C6EB-4084-A056-C7CD342A69E9}.Release|Any CPU.Build.0 = Release|Any CPU
		{260829DF-C6EB-4084-A056-C7CD342A69E9}.Release|ARM.ActiveCfg = Release|Any CPU
		{260829DF-C6EB-4084-A056-C7CD342A69E9}.Release|ARM.Build.0 = Release|Any CPU
		{260829DF-C6EB-4084-A056-C7CD342A69E9}.Release|ARM64.ActiveCfg = Release|Any CPU
		{260829DF-C6EB-4084-A056-C7CD342A69E9}.Release|ARM64.Build.0 = Release|Any CPU
		{260829DF-C6EB-4084-A056-C7CD342A69E9}.Release|x64.ActiveCfg = Release|Any CPU
		{260829DF-C6EB-4084-A056-C7CD342A69E9}.Release|x64.Build.0 = Release|Any CPU
		{260829DF-C6EB-4084-A056-C7CD342A69E9}.Release|x86.ActiveCfg = Release|Any CPU
		{260829DF-C6EB-4084-A056-C7CD342A69E9}.Release|x86.Build.0 = Release|Any CPU
		{B62099BC-E079-4759-9DD0-0EF293045065}.Debug|Any CPU.ActiveCfg = Debug|Any CPU
		{B62099BC-E079-4759-9DD0-0EF293045065}.Debug|Any CPU.Build.0 = Debug|Any CPU
		{B62099BC-E079-4759-9DD0-0EF293045065}.Debug|ARM.ActiveCfg = Debug|Any CPU
		{B62099BC-E079-4759-9DD0-0EF293045065}.Debug|ARM.Build.0 = Debug|Any CPU
		{B62099BC-E079-4759-9DD0-0EF293045065}.Debug|ARM64.ActiveCfg = Debug|Any CPU
		{B62099BC-E079-4759-9DD0-0EF293045065}.Debug|ARM64.Build.0 = Debug|Any CPU
		{B62099BC-E079-4759-9DD0-0EF293045065}.Debug|x64.ActiveCfg = Debug|Any CPU
		{B62099BC-E079-4759-9DD0-0EF293045065}.Debug|x64.Build.0 = Debug|Any CPU
		{B62099BC-E079-4759-9DD0-0EF293045065}.Debug|x86.ActiveCfg = Debug|Any CPU
		{B62099BC-E079-4759-9DD0-0EF293045065}.Debug|x86.Build.0 = Debug|Any CPU
		{B62099BC-E079-4759-9DD0-0EF293045065}.Release|Any CPU.ActiveCfg = Release|Any CPU
		{B62099BC-E079-4759-9DD0-0EF293045065}.Release|Any CPU.Build.0 = Release|Any CPU
		{B62099BC-E079-4759-9DD0-0EF293045065}.Release|ARM.ActiveCfg = Release|Any CPU
		{B62099BC-E079-4759-9DD0-0EF293045065}.Release|ARM.Build.0 = Release|Any CPU
		{B62099BC-E079-4759-9DD0-0EF293045065}.Release|ARM64.ActiveCfg = Release|Any CPU
		{B62099BC-E079-4759-9DD0-0EF293045065}.Release|ARM64.Build.0 = Release|Any CPU
		{B62099BC-E079-4759-9DD0-0EF293045065}.Release|x64.ActiveCfg = Release|Any CPU
		{B62099BC-E079-4759-9DD0-0EF293045065}.Release|x64.Build.0 = Release|Any CPU
		{B62099BC-E079-4759-9DD0-0EF293045065}.Release|x86.ActiveCfg = Release|Any CPU
		{B62099BC-E079-4759-9DD0-0EF293045065}.Release|x86.Build.0 = Release|Any CPU
		{88C04245-0BAB-40CD-8E02-2DA3D608B790}.Debug|Any CPU.ActiveCfg = Debug|x64
		{88C04245-0BAB-40CD-8E02-2DA3D608B790}.Debug|Any CPU.Build.0 = Debug|x64
		{88C04245-0BAB-40CD-8E02-2DA3D608B790}.Debug|ARM.ActiveCfg = Debug|x64
		{88C04245-0BAB-40CD-8E02-2DA3D608B790}.Debug|ARM64.ActiveCfg = Debug|ARM64
		{88C04245-0BAB-40CD-8E02-2DA3D608B790}.Debug|ARM64.Build.0 = Debug|ARM64
		{88C04245-0BAB-40CD-8E02-2DA3D608B790}.Debug|x64.ActiveCfg = Debug|x64
		{88C04245-0BAB-40CD-8E02-2DA3D608B790}.Debug|x64.Build.0 = Debug|x64
		{88C04245-0BAB-40CD-8E02-2DA3D608B790}.Debug|x86.ActiveCfg = Debug|x64
		{88C04245-0BAB-40CD-8E02-2DA3D608B790}.Release|Any CPU.ActiveCfg = Release|x64
		{88C04245-0BAB-40CD-8E02-2DA3D608B790}.Release|ARM.ActiveCfg = Release|x64
		{88C04245-0BAB-40CD-8E02-2DA3D608B790}.Release|ARM64.ActiveCfg = Release|x64
		{88C04245-0BAB-40CD-8E02-2DA3D608B790}.Release|x64.ActiveCfg = Release|x64
		{88C04245-0BAB-40CD-8E02-2DA3D608B790}.Release|x86.ActiveCfg = Release|x64
		{BE836BE7-6C65-42E8-BB5E-80AF0B3E0808}.Debug|Any CPU.ActiveCfg = Debug|x64
		{BE836BE7-6C65-42E8-BB5E-80AF0B3E0808}.Debug|Any CPU.Build.0 = Debug|x64
		{BE836BE7-6C65-42E8-BB5E-80AF0B3E0808}.Debug|ARM.ActiveCfg = Debug|ARM
		{BE836BE7-6C65-42E8-BB5E-80AF0B3E0808}.Debug|ARM.Build.0 = Debug|ARM
		{BE836BE7-6C65-42E8-BB5E-80AF0B3E0808}.Debug|ARM.Deploy.0 = Debug|ARM
		{BE836BE7-6C65-42E8-BB5E-80AF0B3E0808}.Debug|ARM64.ActiveCfg = Debug|ARM64
		{BE836BE7-6C65-42E8-BB5E-80AF0B3E0808}.Debug|ARM64.Build.0 = Debug|ARM64
		{BE836BE7-6C65-42E8-BB5E-80AF0B3E0808}.Debug|ARM64.Deploy.0 = Debug|ARM64
		{BE836BE7-6C65-42E8-BB5E-80AF0B3E0808}.Debug|x64.ActiveCfg = Debug|x64
		{BE836BE7-6C65-42E8-BB5E-80AF0B3E0808}.Debug|x64.Build.0 = Debug|x64
		{BE836BE7-6C65-42E8-BB5E-80AF0B3E0808}.Debug|x64.Deploy.0 = Debug|x64
		{BE836BE7-6C65-42E8-BB5E-80AF0B3E0808}.Debug|x86.ActiveCfg = Debug|Any CPU
		{BE836BE7-6C65-42E8-BB5E-80AF0B3E0808}.Debug|x86.Build.0 = Debug|Any CPU
		{BE836BE7-6C65-42E8-BB5E-80AF0B3E0808}.Release|Any CPU.ActiveCfg = Release|Any CPU
		{BE836BE7-6C65-42E8-BB5E-80AF0B3E0808}.Release|Any CPU.Build.0 = Release|Any CPU
		{BE836BE7-6C65-42E8-BB5E-80AF0B3E0808}.Release|ARM.ActiveCfg = Release|Any CPU
		{BE836BE7-6C65-42E8-BB5E-80AF0B3E0808}.Release|ARM.Build.0 = Release|Any CPU
		{BE836BE7-6C65-42E8-BB5E-80AF0B3E0808}.Release|ARM64.ActiveCfg = Release|Any CPU
		{BE836BE7-6C65-42E8-BB5E-80AF0B3E0808}.Release|ARM64.Build.0 = Release|Any CPU
		{BE836BE7-6C65-42E8-BB5E-80AF0B3E0808}.Release|x64.ActiveCfg = Release|Any CPU
		{BE836BE7-6C65-42E8-BB5E-80AF0B3E0808}.Release|x64.Build.0 = Release|Any CPU
		{BE836BE7-6C65-42E8-BB5E-80AF0B3E0808}.Release|x86.ActiveCfg = Release|Any CPU
		{BE836BE7-6C65-42E8-BB5E-80AF0B3E0808}.Release|x86.Build.0 = Release|Any CPU
	EndGlobalSection
	GlobalSection(SolutionProperties) = preSolution
		HideSolutionNode = FALSE
	EndGlobalSection
	GlobalSection(ExtensibilityGlobals) = postSolution
		SolutionGuid = {EF526768-A23C-43DB-B057-ED28AB2E5C77}
	EndGlobalSection
EndGlobal
